
Microsoft Visual Studio Solution File, Format Version 12.00
# Visual Studio Version 16
VisualStudioVersion = 16.0.30907.101
MinimumVisualStudioVersion = 10.0.40219.1
Project("{FAE04EC0-301F-11D3-BF4B-00C04F79EFBC}") = "ByteMobileApp", "ByteMobileApp\ByteMobileApp.csproj", "{05FA8618-141E-4996-B6E1-B993BDA1CFB0}"
EndProject
Global
	GlobalSection(SolutionConfigurationPlatforms) = preSolution
		Debug|Any CPU = Debug|Any CPU
		Release|Any CPU = Release|Any CPU
	EndGlobalSection
	GlobalSection(ProjectConfigurationPlatforms) = postSolution
		{05FA8618-141E-4996-B6E1-B993BDA1CFB0}.Debug|Any CPU.ActiveCfg = Debug|Any CPU
		{05FA8618-141E-4996-B6E1-B993BDA1CFB0}.Debug|Any CPU.Build.0 = Debug|Any CPU
		{05FA8618-141E-4996-B6E1-B993BDA1CFB0}.Release|Any CPU.ActiveCfg = Release|Any CPU
		{05FA8618-141E-4996-B6E1-B993BDA1CFB0}.Release|Any CPU.Build.0 = Release|Any CPU
	EndGlobalSection
	GlobalSection(SolutionProperties) = preSolution
		HideSolutionNode = FALSE
	EndGlobalSection
	GlobalSection(ExtensibilityGlobals) = postSolution
		SolutionGuid = {0EA98050-2BC4-4851-B3BF-328E27801338}
	EndGlobalSection
EndGlobal
